
Microsoft Visual Studio Solution File, Format Version 12.00
# Visual Studio Version 17
VisualStudioVersion = 17.1.32421.90
MinimumVisualStudioVersion = 10.0.40219.1
Project("{9A19103F-16F7-4668-BE54-9A1E7A4F7556}") = "AirportStorage.Domain", "AirportStorage.Domain\AirportStorage.Domain.csproj", "{BF902B89-E336-4EAF-B72D-139C0F103F65}"
EndProject
Project("{9A19103F-16F7-4668-BE54-9A1E7A4F7556}") = "AirportStorage.DataAccess", "AirportStorage.DataAccess\AirportStorage.DataAccess.csproj", "{64D330F0-2FD2-4AEA-AE52-18E0E942392F}"
EndProject
Global
	GlobalSection(SolutionConfigurationPlatforms) = preSolution
		Debug|Any CPU = Debug|Any CPU
		Release|Any CPU = Release|Any CPU
	EndGlobalSection
	GlobalSection(ProjectConfigurationPlatforms) = postSolution
		{BF902B89-E336-4EAF-B72D-139C0F103F65}.Debug|Any CPU.ActiveCfg = Debug|Any CPU
		{BF902B89-E336-4EAF-B72D-139C0F103F65}.Debug|Any CPU.Build.0 = Debug|Any CPU
		{BF902B89-E336-4EAF-B72D-139C0F103F65}.Release|Any CPU.ActiveCfg = Release|Any CPU
		{BF902B89-E336-4EAF-B72D-139C0F103F65}.Release|Any CPU.Build.0 = Release|Any CPU
		{64D330F0-2FD2-4AEA-AE52-18E0E942392F}.Debug|Any CPU.ActiveCfg = Debug|Any CPU
		{64D330F0-2FD2-4AEA-AE52-18E0E942392F}.Debug|Any CPU.Build.0 = Debug|Any CPU
		{64D330F0-2FD2-4AEA-AE52-18E0E942392F}.Release|Any CPU.ActiveCfg = Release|Any CPU
		{64D330F0-2FD2-4AEA-AE52-18E0E942392F}.Release|Any CPU.Build.0 = Release|Any CPU
	EndGlobalSection
	GlobalSection(SolutionProperties) = preSolution
		HideSolutionNode = FALSE
	EndGlobalSection
	GlobalSection(ExtensibilityGlobals) = postSolution
		SolutionGuid = {E5EAC7D6-23D9-4FC5-A2F4-C2F04B1CD8ED}
	EndGlobalSection
EndGlobal
